
Microsoft Visual Studio Solution File, Format Version 12.00
# Visual Studio Version 17
VisualStudioVersion = 17.14.36310.24
MinimumVisualStudioVersion = 10.0.40219.1
Project("{FAE04EC0-301F-11D3-BF4B-00C04F79EFBC}") = "SecretsSharing", "SecretsSharing\SecretsSharing.csproj", "{93EBF66D-32E2-4630-B4C3-48366F9A4275}"
EndProject
Project("{FAE04EC0-301F-11D3-BF4B-00C04F79EFBC}") = "SecretsSharing.Application", "SecretsSharing.Application\SecretsSharing.Application.csproj", "{E65DC688-BA10-4F8B-A610-25B5C8F9A07D}"
EndProject
Project("{FAE04EC0-301F-11D3-BF4B-00C04F79EFBC}") = "SecretsSharing.Infrastructure", "SecretsSharing.Infrastructure\SecretsSharing.Infrastructure.csproj", "{56ED22B1-539B-49DF-B7E1-8830D9230BEB}"
EndProject
Project("{FAE04EC0-301F-11D3-BF4B-00C04F79EFBC}") = "SecretsSharing.Persistence", "SecretsSharing.Persistence\SecretsSharing.Persistence.csproj", "{72131A18-F7F9-40B5-93AE-F4EE1A380E0D}"
EndProject
Project("{FAE04EC0-301F-11D3-BF4B-00C04F79EFBC}") = "SecretsSharing.Domain", "SecretsSharing.Domain\SecretsSharing.Domain.csproj", "{3FBD2634-E85A-478B-B305-10003B46DC1B}"
EndProject
Project("{2150E333-8FDC-42A3-9474-1A3956D46DE8}") = "src", "src", "{02EA681E-C7D8-13C7-8484-4AC65E1B71E8}"
EndProject
Global
	GlobalSection(SolutionConfigurationPlatforms) = preSolution
		Debug|Any CPU = Debug|Any CPU
		Release|Any CPU = Release|Any CPU
	EndGlobalSection
	GlobalSection(ProjectConfigurationPlatforms) = postSolution
		{93EBF66D-32E2-4630-B4C3-48366F9A4275}.Debug|Any CPU.ActiveCfg = Debug|Any CPU
		{93EBF66D-32E2-4630-B4C3-48366F9A4275}.Debug|Any CPU.Build.0 = Debug|Any CPU
		{93EBF66D-32E2-4630-B4C3-48366F9A4275}.Release|Any CPU.ActiveCfg = Release|Any CPU
		{93EBF66D-32E2-4630-B4C3-48366F9A4275}.Release|Any CPU.Build.0 = Release|Any CPU
		{E65DC688-BA10-4F8B-A610-25B5C8F9A07D}.Debug|Any CPU.ActiveCfg = Debug|Any CPU
		{E65DC688-BA10-4F8B-A610-25B5C8F9A07D}.Debug|Any CPU.Build.0 = Debug|Any CPU
		{E65DC688-BA10-4F8B-A610-25B5C8F9A07D}.Release|Any CPU.ActiveCfg = Release|Any CPU
		{E65DC688-BA10-4F8B-A610-25B5C8F9A07D}.Release|Any CPU.Build.0 = Release|Any CPU
		{56ED22B1-539B-49DF-B7E1-8830D9230BEB}.Debug|Any CPU.ActiveCfg = Debug|Any CPU
		{56ED22B1-539B-49DF-B7E1-8830D9230BEB}.Debug|Any CPU.Build.0 = Debug|Any CPU
		{56ED22B1-539B-49DF-B7E1-8830D9230BEB}.Release|Any CPU.ActiveCfg = Release|Any CPU
		{56ED22B1-539B-49DF-B7E1-8830D9230BEB}.Release|Any CPU.Build.0 = Release|Any CPU
		{72131A18-F7F9-40B5-93AE-F4EE1A380E0D}.Debug|Any CPU.ActiveCfg = Debug|Any CPU
		{72131A18-F7F9-40B5-93AE-F4EE1A380E0D}.Debug|Any CPU.Build.0 = Debug|Any CPU
		{72131A18-F7F9-40B5-93AE-F4EE1A380E0D}.Release|Any CPU.ActiveCfg = Release|Any CPU
		{72131A18-F7F9-40B5-93AE-F4EE1A380E0D}.Release|Any CPU.Build.0 = Release|Any CPU
		{3FBD2634-E85A-478B-B305-10003B46DC1B}.Debug|Any CPU.ActiveCfg = Debug|Any CPU
		{3FBD2634-E85A-478B-B305-10003B46DC1B}.Debug|Any CPU.Build.0 = Debug|Any CPU
		{3FBD2634-E85A-478B-B305-10003B46DC1B}.Release|Any CPU.ActiveCfg = Release|Any CPU
		{3FBD2634-E85A-478B-B305-10003B46DC1B}.Release|Any CPU.Build.0 = Release|Any CPU
	EndGlobalSection
	GlobalSection(SolutionProperties) = preSolution
		HideSolutionNode = FALSE
	EndGlobalSection
	GlobalSection(NestedProjects) = preSolution
		{93EBF66D-32E2-4630-B4C3-48366F9A4275} = {02EA681E-C7D8-13C7-8484-4AC65E1B71E8}
		{E65DC688-BA10-4F8B-A610-25B5C8F9A07D} = {02EA681E-C7D8-13C7-8484-4AC65E1B71E8}
		{56ED22B1-539B-49DF-B7E1-8830D9230BEB} = {02EA681E-C7D8-13C7-8484-4AC65E1B71E8}
		{72131A18-F7F9-40B5-93AE-F4EE1A380E0D} = {02EA681E-C7D8-13C7-8484-4AC65E1B71E8}
		{3FBD2634-E85A-478B-B305-10003B46DC1B} = {02EA681E-C7D8-13C7-8484-4AC65E1B71E8}
	EndGlobalSection
	GlobalSection(ExtensibilityGlobals) = postSolution
		SolutionGuid = {FFEB0D0A-9CEB-418D-AC27-1198EA153805}
	EndGlobalSection
EndGlobal
